
Microsoft Visual Studio Solution File, Format Version 12.00
# Visual Studio Version 17
VisualStudioVersion = 17.8.34330.188
MinimumVisualStudioVersion = 10.0.40219.1
Project("{8BC9CEB8-8B4A-11D0-8D11-00A0C91BC942}") = "Lecture03-HW", "Lecture03-HW\Lecture03-HW.vcxproj", "{EECD061A-AC7E-4D7F-9B27-98846DEE8C24}"
EndProject
Global
	GlobalSection(SolutionConfigurationPlatforms) = preSolution
		Debug|x64 = Debug|x64
		Debug|x86 = Debug|x86
		Release|x64 = Release|x64
		Release|x86 = Release|x86
	EndGlobalSection
	GlobalSection(ProjectConfigurationPlatforms) = postSolution
		{EECD061A-AC7E-4D7F-9B27-98846DEE8C24}.Debug|x64.ActiveCfg = Debug|x64
		{EECD061A-AC7E-4D7F-9B27-98846DEE8C24}.Debug|x64.Build.0 = Debug|x64
		{EECD061A-AC7E-4D7F-9B27-98846DEE8C24}.Debug|x86.ActiveCfg = Debug|Win32
		{EECD061A-AC7E-4D7F-9B27-98846DEE8C24}.Debug|x86.Build.0 = Debug|Win32
		{EECD061A-AC7E-4D7F-9B27-98846DEE8C24}.Release|x64.ActiveCfg = Release|x64
		{EECD061A-AC7E-4D7F-9B27-98846DEE8C24}.Release|x64.Build.0 = Release|x64
		{EECD061A-AC7E-4D7F-9B27-98846DEE8C24}.Release|x86.ActiveCfg = Release|Win32
		{EECD061A-AC7E-4D7F-9B27-98846DEE8C24}.Release|x86.Build.0 = Release|Win32
	EndGlobalSection
	GlobalSection(SolutionProperties) = preSolution
		HideSolutionNode = FALSE
	EndGlobalSection
	GlobalSection(ExtensibilityGlobals) = postSolution
		SolutionGuid = {B94E0F46-751A-4C02-93E6-EFC6FBFC1248}
	EndGlobalSection
EndGlobal
